fastapi==0.142.2
uvicorn[standard]==0.54.0
pydantic==2.13.5
httpx==0.28.1
psycopg[pool,binary]==3.3.6
PyJWT==2.15.1
google-api-python-client==2.201.0
google-auth-oauthlib==1.5.0
sentry-sdk[fastapi]==2.71.0
python-multipart==0.0.32
pypdf==6.19.0
ebooklib==0.20
Pillow==12.3.0
pytesseract==0.3.13
PyMuPDF==1.28.2
boto3==1.43.108
coverage[toml]==7.10.7
python-json-logger==3.3.0
